
Microsoft Visual Studio Solution File, Format Version 12.00
# Visual Studio Version 16
VisualStudioVersion = 16.0.31410.357
MinimumVisualStudioVersion = 10.0.40219.1
Project("{FAE04EC0-301F-11D3-BF4B-00C04F79EFBC}") = "ConsoleAvionCore", "ConsoleAvionCore\ConsoleAvionCore.csproj", "{12DCA30A-B340-46D7-B455-D437D743BF5A}"
EndProject
Project("{FAE04EC0-301F-11D3-BF4B-00C04F79EFBC}") = "LibraryAvion", "LibraryAvion\LibraryAvion.csproj", "{7119C98D-3A81-4D00-B072-4B0588AC221E}"
EndProject
Project("{FAE04EC0-301F-11D3-BF4B-00C04F79EFBC}") = "TestAvion", "TestAvion\TestAvion.csproj", "{907CFF93-6ED4-413B-AF31-0A37FE00997F}"
EndProject
Global
	GlobalSection(SolutionConfigurationPlatforms) = preSolution
		Debug|Any CPU = Debug|Any CPU
		Release|Any CPU = Release|Any CPU
	EndGlobalSection
	GlobalSection(ProjectConfigurationPlatforms) = postSolution
		{12DCA30A-B340-46D7-B455-D437D743BF5A}.Debug|Any CPU.ActiveCfg = Debug|Any CPU
		{12DCA30A-B340-46D7-B455-D437D743BF5A}.Debug|Any CPU.Build.0 = Debug|Any CPU
		{12DCA30A-B340-46D7-B455-D437D743BF5A}.Release|Any CPU.ActiveCfg = Release|Any CPU
		{12DCA30A-B340-46D7-B455-D437D743BF5A}.Release|Any CPU.Build.0 = Release|Any CPU
		{7119C98D-3A81-4D00-B072-4B0588AC221E}.Debug|Any CPU.ActiveCfg = Debug|Any CPU
		{7119C98D-3A81-4D00-B072-4B0588AC221E}.Debug|Any CPU.Build.0 = Debug|Any CPU
		{7119C98D-3A81-4D00-B072-4B0588AC221E}.Release|Any CPU.ActiveCfg = Release|Any CPU
		{7119C98D-3A81-4D00-B072-4B0588AC221E}.Release|Any CPU.Build.0 = Release|Any CPU
		{907CFF93-6ED4-413B-AF31-0A37FE00997F}.Debug|Any CPU.ActiveCfg = Debug|Any CPU
		{907CFF93-6ED4-413B-AF31-0A37FE00997F}.Debug|Any CPU.Build.0 = Debug|Any CPU
		{907CFF93-6ED4-413B-AF31-0A37FE00997F}.Release|Any CPU.ActiveCfg = Release|Any CPU
		{907CFF93-6ED4-413B-AF31-0A37FE00997F}.Release|Any CPU.Build.0 = Release|Any CPU
	EndGlobalSection
	GlobalSection(SolutionProperties) = preSolution
		HideSolutionNode = FALSE
	EndGlobalSection
	GlobalSection(ExtensibilityGlobals) = postSolution
		SolutionGuid = {37EF4C50-4ACC-4A64-8316-73602F6C4EDE}
	EndGlobalSection
EndGlobal
